
Microsoft Visual Studio Solution File, Format Version 12.00
# Visual Studio Version 17
VisualStudioVersion = 17.5.002.0
MinimumVisualStudioVersion = 10.0.40219.1
Project("{9A19103F-16F7-4668-BE54-9A1E7A4F7556}") = "Opcion1LosBorbotones", "Opcion1LosBorbotones.csproj", "{CFD70119-3B0F-414E-94E2-DD9917EEBBF5}"
EndProject
Global
	GlobalSection(SolutionConfigurationPlatforms) = preSolution
		Debug|Any CPU = Debug|Any CPU
		Release|Any CPU = Release|Any CPU
	EndGlobalSection
	GlobalSection(ProjectConfigurationPlatforms) = postSolution
		{CFD70119-3B0F-414E-94E2-DD9917EEBBF5}.Debug|Any CPU.ActiveCfg = Debug|Any CPU
		{CFD70119-3B0F-414E-94E2-DD9917EEBBF5}.Debug|Any CPU.Build.0 = Debug|Any CPU
		{CFD70119-3B0F-414E-94E2-DD9917EEBBF5}.Release|Any CPU.ActiveCfg = Release|Any CPU
		{CFD70119-3B0F-414E-94E2-DD9917EEBBF5}.Release|Any CPU.Build.0 = Release|Any CPU
	EndGlobalSection
	GlobalSection(SolutionProperties) = preSolution
		HideSolutionNode = FALSE
	EndGlobalSection
	GlobalSection(ExtensibilityGlobals) = postSolution
		SolutionGuid = {0ADEDD96-A128-4831-B5C8-A03D1A947894}
	EndGlobalSection
EndGlobal
